
Microsoft Visual Studio Solution File, Format Version 12.00
# Visual Studio Version 17
VisualStudioVersion = 17.5.002.0
MinimumVisualStudioVersion = 10.0.40219.1
Project("{9A19103F-16F7-4668-BE54-9A1E7A4F7556}") = "ApiPlaces", "ApiPlaces.csproj", "{9710B341-A82F-4103-A9D7-47C364AD17CC}"
EndProject
Global
	GlobalSection(SolutionConfigurationPlatforms) = preSolution
		Debug|Any CPU = Debug|Any CPU
		Release|Any CPU = Release|Any CPU
	EndGlobalSection
	GlobalSection(ProjectConfigurationPlatforms) = postSolution
		{9710B341-A82F-4103-A9D7-47C364AD17CC}.Debug|Any CPU.ActiveCfg = Debug|Any CPU
		{9710B341-A82F-4103-A9D7-47C364AD17CC}.Debug|Any CPU.Build.0 = Debug|Any CPU
		{9710B341-A82F-4103-A9D7-47C364AD17CC}.Release|Any CPU.ActiveCfg = Release|Any CPU
		{9710B341-A82F-4103-A9D7-47C364AD17CC}.Release|Any CPU.Build.0 = Release|Any CPU
	EndGlobalSection
	GlobalSection(SolutionProperties) = preSolution
		HideSolutionNode = FALSE
	EndGlobalSection
	GlobalSection(ExtensibilityGlobals) = postSolution
		SolutionGuid = {146899A0-2C05-4F96-B2B9-6216FA6246CB}
	EndGlobalSection
EndGlobal
