
Microsoft Visual Studio Solution File, Format Version 12.00
# Visual Studio Version 17
VisualStudioVersion = 17.5.002.0
MinimumVisualStudioVersion = 10.0.40219.1
Project("{9A19103F-16F7-4668-BE54-9A1E7A4F7556}") = "WebApiFestivities", "WebApiFestivities.csproj", "{201BF70D-3E5A-4EC2-85E3-464BF5E078AA}"
EndProject
Global
	GlobalSection(SolutionConfigurationPlatforms) = preSolution
		Debug|Any CPU = Debug|Any CPU
		Release|Any CPU = Release|Any CPU
	EndGlobalSection
	GlobalSection(ProjectConfigurationPlatforms) = postSolution
		{201BF70D-3E5A-4EC2-85E3-464BF5E078AA}.Debug|Any CPU.ActiveCfg = Debug|Any CPU
		{201BF70D-3E5A-4EC2-85E3-464BF5E078AA}.Debug|Any CPU.Build.0 = Debug|Any CPU
		{201BF70D-3E5A-4EC2-85E3-464BF5E078AA}.Release|Any CPU.ActiveCfg = Release|Any CPU
		{201BF70D-3E5A-4EC2-85E3-464BF5E078AA}.Release|Any CPU.Build.0 = Release|Any CPU
	EndGlobalSection
	GlobalSection(SolutionProperties) = preSolution
		HideSolutionNode = FALSE
	EndGlobalSection
	GlobalSection(ExtensibilityGlobals) = postSolution
		SolutionGuid = {07E410C4-B9A9-4AE4-8CC9-745753397466}
	EndGlobalSection
EndGlobal
